
Microsoft Visual Studio Solution File, Format Version 12.00
# Visual Studio Version 17
VisualStudioVersion = 17.5.33414.496
MinimumVisualStudioVersion = 10.0.40219.1
Project("{FAE04EC0-301F-11D3-BF4B-00C04F79EFBC}") = "Laboratorio02", "Laboratorio02\Laboratorio02.csproj", "{6ADBBAB9-1427-406D-8719-5F74C9E552C1}"
EndProject
Global
	GlobalSection(SolutionConfigurationPlatforms) = preSolution
		Debug|Any CPU = Debug|Any CPU
		Release|Any CPU = Release|Any CPU
	EndGlobalSection
	GlobalSection(ProjectConfigurationPlatforms) = postSolution
		{6ADBBAB9-1427-406D-8719-5F74C9E552C1}.Debug|Any CPU.ActiveCfg = Debug|Any CPU
		{6ADBBAB9-1427-406D-8719-5F74C9E552C1}.Debug|Any CPU.Build.0 = Debug|Any CPU
		{6ADBBAB9-1427-406D-8719-5F74C9E552C1}.Release|Any CPU.ActiveCfg = Release|Any CPU
		{6ADBBAB9-1427-406D-8719-5F74C9E552C1}.Release|Any CPU.Build.0 = Release|Any CPU
	EndGlobalSection
	GlobalSection(SolutionProperties) = preSolution
		HideSolutionNode = FALSE
	EndGlobalSection
	GlobalSection(ExtensibilityGlobals) = postSolution
		SolutionGuid = {98BD4DE8-D9DF-4E0A-997E-2900F4C6BDEE}
	EndGlobalSection
EndGlobal
